
Microsoft Visual Studio Solution File, Format Version 12.00
# Visual Studio Version 17
VisualStudioVersion = 17.10.35027.167
MinimumVisualStudioVersion = 10.0.40219.1
Project("{FAE04EC0-301F-11D3-BF4B-00C04F79EFBC}") = "OOP task Library", "OOP task Library\OOP task Library.csproj", "{0B06C2EE-4977-4200-9705-76E2D0D165A8}"
EndProject
Global
	GlobalSection(SolutionConfigurationPlatforms) = preSolution
		Debug|Any CPU = Debug|Any CPU
		Release|Any CPU = Release|Any CPU
	EndGlobalSection
	GlobalSection(ProjectConfigurationPlatforms) = postSolution
		{0B06C2EE-4977-4200-9705-76E2D0D165A8}.Debug|Any CPU.ActiveCfg = Debug|Any CPU
		{0B06C2EE-4977-4200-9705-76E2D0D165A8}.Debug|Any CPU.Build.0 = Debug|Any CPU
		{0B06C2EE-4977-4200-9705-76E2D0D165A8}.Release|Any CPU.ActiveCfg = Release|Any CPU
		{0B06C2EE-4977-4200-9705-76E2D0D165A8}.Release|Any CPU.Build.0 = Release|Any CPU
	EndGlobalSection
	GlobalSection(SolutionProperties) = preSolution
		HideSolutionNode = FALSE
	EndGlobalSection
	GlobalSection(ExtensibilityGlobals) = postSolution
		SolutionGuid = {A0A533B7-5C5E-4D07-8DE5-D8ECA1448AE6}
	EndGlobalSection
EndGlobal
